// !$*UTF8*$!
{
	archiveVersion = 1;
	classes = {
	};
	objectVersion = 56;
	objects = {

/* Begin PBXBuildFile section */
		7796F0212BBB1A9600B0DC72 /* ViterbiAlgorithmTests.swift in Sources */ = {isa = PBXBuildFile; fileRef = 7796F0202BBB1A9600B0DC72 /* ViterbiAlgorithmTests.swift */; };
		7796F0232BBB1E7C00B0DC72 /* ViterbiView.swift in Sources */ = {isa = PBXBuildFile; fileRef = 7796F0222BBB1E7C00B0DC72 /* ViterbiView.swift */; };
		77F96B7D2B9CB00C0022ADF4 /* Swift_NLP_AlgorithmsApp.swift in Sources */ = {isa = PBXBuildFile; fileRef = 77F96B7C2B9CB00C0022ADF4 /* Swift_NLP_AlgorithmsApp.swift */; };
		77F96B7F2B9CB00C0022ADF4 /* ContentView.swift in Sources */ = {isa = PBXBuildFile; fileRef = 77F96B7E2B9CB00C0022ADF4 /* ContentView.swift */; };
		77F96B812B9CB00E0022ADF4 /* Assets.xcassets in Resources */ = {isa = PBXBuildFile; fileRef = 77F96B802B9CB00E0022ADF4 /* Assets.xcassets */; };
		77F96B842B9CB00E0022ADF4 /* Preview Assets.xcassets in Resources */ = {isa = PBXBuildFile; fileRef = 77F96B832B9CB00E0022ADF4 /* Preview Assets.xcassets */; };
		77F96B982B9CB00E0022ADF4 /* Swift_NLP_AlgorithmsUITests.swift in Sources */ = {isa = PBXBuildFile; fileRef = 77F96B972B9CB00E0022ADF4 /* Swift_NLP_AlgorithmsUITests.swift */; };
		77F96B9A2B9CB00E0022ADF4 /* Swift_NLP_AlgorithmsUITestsLaunchTests.swift in Sources */ = {isa = PBXBuildFile; fileRef = 77F96B992B9CB00E0022ADF4 /* Swift_NLP_AlgorithmsUITestsLaunchTests.swift */; };
		77F96BA82B9CB02C0022ADF4 /* ViterbiAlgorithm.swift in Sources */ = {isa = PBXBuildFile; fileRef = 77F96BA72B9CB02C0022ADF4 /* ViterbiAlgorithm.swift */; };
/* End PBXBuildFile section */

/* Begin PBXContainerItemProxy section */
		77F96B8A2B9CB00E0022ADF4 /* PBXContainerItemProxy */ = {
			isa = PBXContainerItemProxy;
			containerPortal = 77F96B712B9CB00B0022ADF4 /* Project object */;
			proxyType = 1;
			remoteGlobalIDString = 77F96B782B9CB00C0022ADF4;
			remoteInfo = "Swift-NLP-Algorithms";
		};
		77F96B942B9CB00E0022ADF4 /* PBXContainerItemProxy */ = {
			isa = PBXContainerItemProxy;
			containerPortal = 77F96B712B9CB00B0022ADF4 /* Project object */;
			proxyType = 1;
			remoteGlobalIDString = 77F96B782B9CB00C0022ADF4;
			remoteInfo = "Swift-NLP-Algorithms";
		};
/* End PBXContainerItemProxy section */

/* Begin PBXFileReference section */
		7796F0202BBB1A9600B0DC72 /* ViterbiAlgorithmTests.swift */ = {isa = PBXFileReference; lastKnownFileType = sourcecode.swift; path = ViterbiAlgorithmTests.swift; sourceTree = "<group>"; };
		7796F0222BBB1E7C00B0DC72 /* ViterbiView.swift */ = {isa = PBXFileReference; lastKnownFileType = sourcecode.swift; path = ViterbiView.swift; sourceTree = "<group>"; };
		77F96B792B9CB00C0022ADF4 /* Swift-NLP-Algorithms.app */ = {isa = PBXFileReference; explicitFileType = wrapper.application; includeInIndex = 0; path = "Swift-NLP-Algorithms.app"; sourceTree = BUILT_PRODUCTS_DIR; };
		77F96B7C2B9CB00C0022ADF4 /* Swift_NLP_AlgorithmsApp.swift */ = {isa = PBXFileReference; lastKnownFileType = sourcecode.swift; path = Swift_NLP_AlgorithmsApp.swift; sourceTree = "<group>"; };
		77F96B7E2B9CB00C0022ADF4 /* ContentView.swift */ = {isa = PBXFileReference; lastKnownFileType = sourcecode.swift; path = ContentView.swift; sourceTree = "<group>"; };
		77F96B802B9CB00E0022ADF4 /* Assets.xcassets */ = {isa = PBXFileReference; lastKnownFileType = folder.assetcatalog; path = Assets.xcassets; sourceTree = "<group>"; };
		77F96B832B9CB00E0022ADF4 /* Preview Assets.xcassets */ = {isa = PBXFileReference; lastKnownFileType = folder.assetcatalog; path = "Preview Assets.xcassets"; sourceTree = "<group>"; };
		77F96B892B9CB00E0022ADF4 /* Swift-NLP-AlgorithmsTests.xctest */ = {isa = PBXFileReference; explicitFileType = wrapper.cfbundle; includeInIndex = 0; path = "Swift-NLP-AlgorithmsTests.xctest"; sourceTree = BUILT_PRODUCTS_DIR; };
		77F96B932B9CB00E0022ADF4 /* Swift-NLP-AlgorithmsUITests.xctest */ = {isa = PBXFileReference; explicitFileType = wrapper.cfbundle; includeInIndex = 0; path = "Swift-NLP-AlgorithmsUITests.xctest"; sourceTree = BUILT_PRODUCTS_DIR; };
		77F96B972B9CB00E0022ADF4 /* Swift_NLP_AlgorithmsUITests.swift */ = {isa = PBXFileReference; lastKnownFileType = sourcecode.swift; path = Swift_NLP_AlgorithmsUITests.swift; sourceTree = "<group>"; };
		77F96B992B9CB00E0022ADF4 /* Swift_NLP_AlgorithmsUITestsLaunchTests.swift */ = {isa = PBXFileReference; lastKnownFileType = sourcecode.swift; path = Swift_NLP_AlgorithmsUITestsLaunchTests.swift; sourceTree = "<group>"; };
		77F96BA72B9CB02C0022ADF4 /* ViterbiAlgorithm.swift */ = {isa = PBXFileReference; lastKnownFileType = sourcecode.swift; path = ViterbiAlgorithm.swift; sourceTree = "<group>"; };
/* End PBXFileReference section */

/* Begin PBXFrameworksBuildPhase section */
		77F96B762B9CB00C0022ADF4 /* Frameworks */ = {
			isa = PBXFrameworksBuildPhase;
			buildActionMask = 2147483647;
			files = (
			);
			runOnlyForDeploymentPostprocessing = 0;
		};
		77F96B862B9CB00E0022ADF4 /* Frameworks */ = {
			isa = PBXFrameworksBuildPhase;
			buildActionMask = 2147483647;
			files = (
			);
			runOnlyForDeploymentPostprocessing = 0;
		};
		77F96B902B9CB00E0022ADF4 /* Frameworks */ = {
			isa = PBXFrameworksBuildPhase;
			buildActionMask = 2147483647;
			files = (
			);
			runOnlyForDeploymentPostprocessing = 0;
		};
/* End PBXFrameworksBuildPhase section */

/* Begin PBXGroup section */
		77F96B702B9CB00B0022ADF4 = {
			isa = PBXGroup;
			children = (
				77F96B7B2B9CB00C0022ADF4 /* Swift-NLP-Algorithms */,
				77F96B8C2B9CB00E0022ADF4 /* Swift-NLP-AlgorithmsTests */,
				77F96B962B9CB00E0022ADF4 /* Swift-NLP-AlgorithmsUITests */,
				77F96B7A2B9CB00C0022ADF4 /* Products */,
			);
			sourceTree = "<group>";
		};
		77F96B7A2B9CB00C0022ADF4 /* Products */ = {
			isa = PBXGroup;
			children = (
				77F96B792B9CB00C0022ADF4 /* Swift-NLP-Algorithms.app */,
				77F96B892B9CB00E0022ADF4 /* Swift-NLP-AlgorithmsTests.xctest */,
				77F96B932B9CB00E0022ADF4 /* Swift-NLP-AlgorithmsUITests.xctest */,
			);
			name = Products;
			sourceTree = "<group>";
		};
		77F96B7B2B9CB00C0022ADF4 /* Swift-NLP-Algorithms */ = {
			isa = PBXGroup;
			children = (
				77F96BA92B9CB72B0022ADF4 /* Extensions */,
				77F96BA62B9CB0150022ADF4 /* Algorithms */,
				77F96B7C2B9CB00C0022ADF4 /* Swift_NLP_AlgorithmsApp.swift */,
				77F96B7E2B9CB00C0022ADF4 /* ContentView.swift */,
				7796F0222BBB1E7C00B0DC72 /* ViterbiView.swift */,
				77F96B802B9CB00E0022ADF4 /* Assets.xcassets */,
				77F96B822B9CB00E0022ADF4 /* Preview Content */,
			);
			path = "Swift-NLP-Algorithms";
			sourceTree = "<group>";
		};
		77F96B822B9CB00E0022ADF4 /* Preview Content */ = {
			isa = PBXGroup;
			children = (
				77F96B832B9CB00E0022ADF4 /* Preview Assets.xcassets */,
			);
			path = "Preview Content";
			sourceTree = "<group>";
		};
		77F96B8C2B9CB00E0022ADF4 /* Swift-NLP-AlgorithmsTests */ = {
			isa = PBXGroup;
			children = (
				7796F0202BBB1A9600B0DC72 /* ViterbiAlgorithmTests.swift */,
			);
			path = "Swift-NLP-AlgorithmsTests";
			sourceTree = "<group>";
		};
		77F96B962B9CB00E0022ADF4 /* Swift-NLP-AlgorithmsUITests */ = {
			isa = PBXGroup;
			children = (
				77F96B972B9CB00E0022ADF4 /* Swift_NLP_AlgorithmsUITests.swift */,
				77F96B992B9CB00E0022ADF4 /* Swift_NLP_AlgorithmsUITestsLaunchTests.swift */,
			);
			path = "Swift-NLP-AlgorithmsUITests";
			sourceTree = "<group>";
		};
		77F96BA62B9CB0150022ADF4 /* Algorithms */ = {
			isa = PBXGroup;
			children = (
				77F96BA72B9CB02C0022ADF4 /* ViterbiAlgorithm.swift */,
			);
			path = Algorithms;
			sourceTree = "<group>";
		};
		77F96BA92B9CB72B0022ADF4 /* Extensions */ = {
			isa = PBXGroup;
			children = (
			);
			path = Extensions;
			sourceTree = "<group>";
		};
/* End PBXGroup section */

/* Begin PBXNativeTarget section */
		77F96B782B9CB00C0022ADF4 /* Swift-NLP-Algorithms */ = {
			isa = PBXNativeTarget;
			buildConfigurationList = 77F96B9D2B9CB00E0022ADF4 /* Build configuration list for PBXNativeTarget "Swift-NLP-Algorithms" */;
			buildPhases = (
				77F96B752B9CB00C0022ADF4 /* Sources */,
				77F96B762B9CB00C0022ADF4 /* Frameworks */,
				77F96B772B9CB00C0022ADF4 /* Resources */,
			);
			buildRules = (
			);
			dependencies = (
			);
			name = "Swift-NLP-Algorithms";
			productName = "Swift-NLP-Algorithms";
			productReference = 77F96B792B9CB00C0022ADF4 /* Swift-NLP-Algorithms.app */;
			productType = "com.apple.product-type.application";
		};
		77F96B882B9CB00E0022ADF4 /* Swift-NLP-AlgorithmsTests */ = {
			isa = PBXNativeTarget;
			buildConfigurationList = 77F96BA02B9CB00E0022ADF4 /* Build configuration list for PBXNativeTarget "Swift-NLP-AlgorithmsTests" */;
			buildPhases = (
				77F96B852B9CB00E0022ADF4 /* Sources */,
				77F96B862B9CB00E0022ADF4 /* Frameworks */,
				77F96B872B9CB00E0022ADF4 /* Resources */,
			);
			buildRules = (
			);
			dependencies = (
				77F96B8B2B9CB00E0022ADF4 /* PBXTargetDependency */,
			);
			name = "Swift-NLP-AlgorithmsTests";
			productName = "Swift-NLP-AlgorithmsTests";
			productReference = 77F96B892B9CB00E0022ADF4 /* Swift-NLP-AlgorithmsTests.xctest */;
			productType = "com.apple.product-type.bundle.unit-test";
		};
		77F96B922B9CB00E0022ADF4 /* Swift-NLP-AlgorithmsUITests */ = {
			isa = PBXNativeTarget;
			buildConfigurationList = 77F96BA32B9CB00E0022ADF4 /* Build configuration list for PBXNativeTarget "Swift-NLP-AlgorithmsUITests" */;
			buildPhases = (
				77F96B8F2B9CB00E0022ADF4 /* Sources */,
				77F96B902B9CB00E0022ADF4 /* Frameworks */,
				77F96B912B9CB00E0022ADF4 /* Resources */,
			);
			buildRules = (
			);
			dependencies = (
				77F96B952B9CB00E0022ADF4 /* PBXTargetDependency */,
			);
			name = "Swift-NLP-AlgorithmsUITests";
			productName = "Swift-NLP-AlgorithmsUITests";
			productReference = 77F96B932B9CB00E0022ADF4 /* Swift-NLP-AlgorithmsUITests.xctest */;
			productType = "com.apple.product-type.bundle.ui-testing";
		};
/* End PBXNativeTarget section */

/* Begin PBXProject section */
		77F96B712B9CB00B0022ADF4 /* Project object */ = {
			isa = PBXProject;
			attributes = {
				BuildIndependentTargetsInParallel = 1;
				LastSwiftUpdateCheck = 1530;
				LastUpgradeCheck = 1530;
				TargetAttributes = {
					77F96B782B9CB00C0022ADF4 = {
						CreatedOnToolsVersion = 15.3;
					};
					77F96B882B9CB00E0022ADF4 = {
						CreatedOnToolsVersion = 15.3;
						LastSwiftMigration = 1530;
						TestTargetID = 77F96B782B9CB00C0022ADF4;
					};
					77F96B922B9CB00E0022ADF4 = {
						CreatedOnToolsVersion = 15.3;
						TestTargetID = 77F96B782B9CB00C0022ADF4;
					};
				};
			};
			buildConfigurationList = 77F96B742B9CB00B0022ADF4 /* Build configuration list for PBXProject "Swift-NLP-Algorithms" */;
			compatibilityVersion = "Xcode 14.0";
			developmentRegion = en;
			hasScannedForEncodings = 0;
			knownRegions = (
				en,
				Base,
			);
			mainGroup = 77F96B702B9CB00B0022ADF4;
			productRefGroup = 77F96B7A2B9CB00C0022ADF4 /* Products */;
			projectDirPath = "";
			projectRoot = "";
			targets = (
				77F96B782B9CB00C0022ADF4 /* Swift-NLP-Algorithms */,
				77F96B882B9CB00E0022ADF4 /* Swift-NLP-AlgorithmsTests */,
				77F96B922B9CB00E0022ADF4 /* Swift-NLP-AlgorithmsUITests */,
			);
		};
/* End PBXProject section */

/* Begin PBXResourcesBuildPhase section */
		77F96B772B9CB00C0022ADF4 /* Resources */ = {
			isa = PBXResourcesBuildPhase;
			buildActionMask = 2147483647;
			files = (
				77F96B842B9CB00E0022ADF4 /* Preview Assets.xcassets in Resources */,
				77F96B812B9CB00E0022ADF4 /* Assets.xcassets in Resources */,
			);
			runOnlyForDeploymentPostprocessing = 0;
		};
		77F96B872B9CB00E0022ADF4 /* Resources */ = {
			isa = PBXResourcesBuildPhase;
			buildActionMask = 2147483647;
			files = (
			);
			runOnlyForDeploymentPostprocessing = 0;
		};
		77F96B912B9CB00E0022ADF4 /* Resources */ = {
			isa = PBXResourcesBuildPhase;
			buildActionMask = 2147483647;
			files = (
			);
			runOnlyForDeploymentPostprocessing = 0;
		};
/* End PBXResourcesBuildPhase section */

/* Begin PBXSourcesBuildPhase section */
		77F96B752B9CB00C0022ADF4 /* Sources */ = {
			isa = PBXSourcesBuildPhase;
			buildActionMask = 2147483647;
			files = (
				7796F0232BBB1E7C00B0DC72 /* ViterbiView.swift in Sources */,
				77F96B7F2B9CB00C0022ADF4 /* ContentView.swift in Sources */,
				77F96BA82B9CB02C0022ADF4 /* ViterbiAlgorithm.swift in Sources */,
				77F96B7D2B9CB00C0022ADF4 /* Swift_NLP_AlgorithmsApp.swift in Sources */,
			);
			runOnlyForDeploymentPostprocessing = 0;
		};
		77F96B852B9CB00E0022ADF4 /* Sources */ = {
			isa = PBXSourcesBuildPhase;
			buildActionMask = 2147483647;
			files = (
				7796F0212BBB1A9600B0DC72 /* ViterbiAlgorithmTests.swift in Sources */,
			);
			runOnlyForDeploymentPostprocessing = 0;
		};
		77F96B8F2B9CB00E0022ADF4 /* Sources */ = {
			isa = PBXSourcesBuildPhase;
			buildActionMask = 2147483647;
			files = (
				77F96B982B9CB00E0022ADF4 /* Swift_NLP_AlgorithmsUITests.swift in Sources */,
				77F96B9A2B9CB00E0022ADF4 /* Swift_NLP_AlgorithmsUITestsLaunchTests.swift in Sources */,
			);
			runOnlyForDeploymentPostprocessing = 0;
		};
/* End PBXSourcesBuildPhase section */

/* Begin PBXTargetDependency section */
		77F96B8B2B9CB00E0022ADF4 /* PBXTargetDependency */ = {
			isa = PBXTargetDependency;
			target = 77F96B782B9CB00C0022ADF4 /* Swift-NLP-Algorithms */;
			targetProxy = 77F96B8A2B9CB00E0022ADF4 /* PBXContainerItemProxy */;
		};
		77F96B952B9CB00E0022ADF4 /* PBXTargetDependency */ = {
			isa = PBXTargetDependency;
			target = 77F96B782B9CB00C0022ADF4 /* Swift-NLP-Algorithms */;
			targetProxy = 77F96B942B9CB00E0022ADF4 /* PBXContainerItemProxy */;
		};
/* End PBXTargetDependency section */

/* Begin XCBuildConfiguration section */
		77F96B9B2B9CB00E0022ADF4 /* Debug */ = {
			isa = XCBuildConfiguration;
			buildSettings = {
				ALWAYS_SEARCH_USER_PATHS = NO;
				ASSETCATALOG_COMPILER_GENERATE_SWIFT_ASSET_SYMBOL_EXTENSIONS = YES;
				CLANG_ANALYZER_NONNULL = YES;
				CLANG_ANALYZER_NUMBER_OBJECT_CONVERSION = YES_AGGRESSIVE;
				CLANG_CXX_LANGUAGE_STANDARD = "gnu++20";
				CLANG_ENABLE_MODULES = YES;
				CLANG_ENABLE_OBJC_ARC = YES;
				CLANG_ENABLE_OBJC_WEAK = YES;
				CLANG_WARN_BLOCK_CAPTURE_AUTORELEASING = YES;
				CLANG_WARN_BOOL_CONVERSION = YES;
				CLANG_WARN_COMMA = YES;
				CLANG_WARN_CONSTANT_CONVERSION = YES;
				CLANG_WARN_DEPRECATED_OBJC_IMPLEMENTATIONS = YES;
				CLANG_WARN_DIRECT_OBJC_ISA_USAGE = YES_ERROR;
				CLANG_WARN_DOCUMENTATION_COMMENTS = YES;
				CLANG_WARN_EMPTY_BODY = YES;
				CLANG_WARN_ENUM_CONVERSION = YES;
				CLANG_WARN_INFINITE_RECURSION = YES;
				CLANG_WARN_INT_CONVERSION = YES;
				CLANG_WARN_NON_LITERAL_NULL_CONVERSION = YES;
				CLANG_WARN_OBJC_IMPLICIT_RETAIN_SELF = YES;
				CLANG_WARN_OBJC_LITERAL_CONVERSION = YES;
				CLANG_WARN_OBJC_ROOT_CLASS = YES_ERROR;
				CLANG_WARN_QUOTED_INCLUDE_IN_FRAMEWORK_HEADER = YES;
				CLANG_WARN_RANGE_LOOP_ANALYSIS = YES;
				CLANG_WARN_STRICT_PROTOTYPES = YES;
				CLANG_WARN_SUSPICIOUS_MOVE = YES;
				CLANG_WARN_UNGUARDED_AVAILABILITY = YES_AGGRESSIVE;
				CLANG_WARN_UNREACHABLE_CODE = YES;
				CLANG_WARN__DUPLICATE_METHOD_MATCH = YES;
				COPY_PHASE_STRIP = NO;
				DEBUG_INFORMATION_FORMAT = dwarf;
				ENABLE_STRICT_OBJC_MSGSEND = YES;
				ENABLE_TESTABILITY = YES;
				ENABLE_USER_SCRIPT_SANDBOXING = YES;
				GCC_C_LANGUAGE_STANDARD = gnu17;
				GCC_DYNAMIC_NO_PIC = NO;
				GCC_NO_COMMON_BLOCKS = YES;
				GCC_OPTIMIZATION_LEVEL = 0;
				GCC_PREPROCESSOR_DEFINITIONS = (
					"DEBUG=1",
					"$(inherited)",
				);
				GCC_WARN_64_TO_32_BIT_CONVERSION = YES;
				GCC_WARN_ABOUT_RETURN_TYPE = YES_ERROR;
				GCC_WARN_UNDECLARED_SELECTOR = YES;
				GCC_WARN_UNINITIALIZED_AUTOS = YES_AGGRESSIVE;
				GCC_WARN_UNUSED_FUNCTION = YES;
				GCC_WARN_UNUSED_VARIABLE = YES;
				IPHONEOS_DEPLOYMENT_TARGET = 17.4;
				LOCALIZATION_PREFERS_STRING_CATALOGS = YES;
				MTL_ENABLE_DEBUG_INFO = INCLUDE_SOURCE;
				MTL_FAST_MATH = YES;
				ONLY_ACTIVE_ARCH = YES;
				SDKROOT = iphoneos;
				SWIFT_ACTIVE_COMPILATION_CONDITIONS = "DEBUG $(inherited)";
				SWIFT_OPTIMIZATION_LEVEL = "-Onone";
			};
			name = Debug;
		};
		77F96B9C2B9CB00E0022ADF4 /* Release */ = {
			isa = XCBuildConfiguration;
			buildSettings = {
				ALWAYS_SEARCH_USER_PATHS = NO;
				ASSETCATALOG_COMPILER_GENERATE_SWIFT_ASSET_SYMBOL_EXTENSIONS = YES;
				CLANG_ANALYZER_NONNULL = YES;
				CLANG_ANALYZER_NUMBER_OBJECT_CONVERSION = YES_AGGRESSIVE;
				CLANG_CXX_LANGUAGE_STANDARD = "gnu++20";
				CLANG_ENABLE_MODULES = YES;
				CLANG_ENABLE_OBJC_ARC = YES;
				CLANG_ENABLE_OBJC_WEAK = YES;
				CLANG_WARN_BLOCK_CAPTURE_AUTORELEASING = YES;
				CLANG_WARN_BOOL_CONVERSION = YES;
				CLANG_WARN_COMMA = YES;
				CLANG_WARN_CONSTANT_CONVERSION = YES;
				CLANG_WARN_DEPRECATED_OBJC_IMPLEMENTATIONS = YES;
				CLANG_WARN_DIRECT_OBJC_ISA_USAGE = YES_ERROR;
				CLANG_WARN_DOCUMENTATION_COMMENTS = YES;
				CLANG_WARN_EMPTY_BODY = YES;
				CLANG_WARN_ENUM_CONVERSION = YES;
				CLANG_WARN_INFINITE_RECURSION = YES;
				CLANG_WARN_INT_CONVERSION = YES;
				CLANG_WARN_NON_LITERAL_NULL_CONVERSION = YES;
				CLANG_WARN_OBJC_IMPLICIT_RETAIN_SELF = YES;
				CLANG_WARN_OBJC_LITERAL_CONVERSION = YES;
				CLANG_WARN_OBJC_ROOT_CLASS = YES_ERROR;
				CLANG_WARN_QUOTED_INCLUDE_IN_FRAMEWORK_HEADER = YES;
				CLANG_WARN_RANGE_LOOP_ANALYSIS = YES;
				CLANG_WARN_STRICT_PROTOTYPES = YES;
				CLANG_WARN_SUSPICIOUS_MOVE = YES;
				CLANG_WARN_UNGUARDED_AVAILABILITY = YES_AGGRESSIVE;
				CLANG_WARN_UNREACHABLE_CODE = YES;
				CLANG_WARN__DUPLICATE_METHOD_MATCH = YES;
				COPY_PHASE_STRIP = NO;
				DEBUG_INFORMATION_FORMAT = "dwarf-with-dsym";
				ENABLE_NS_ASSERTIONS = NO;
				ENABLE_STRICT_OBJC_MSGSEND = YES;
				ENABLE_USER_SCRIPT_SANDBOXING = YES;
				GCC_C_LANGUAGE_STANDARD = gnu17;
				GCC_NO_COMMON_BLOCKS = YES;
				GCC_WARN_64_TO_32_BIT_CONVERSION = YES;
				GCC_WARN_ABOUT_RETURN_TYPE = YES_ERROR;
				GCC_WARN_UNDECLARED_SELECTOR = YES;
				GCC_WARN_UNINITIALIZED_AUTOS = YES_AGGRESSIVE;
				GCC_WARN_UNUSED_FUNCTION = YES;
				GCC_WARN_UNUSED_VARIABLE = YES;
				IPHONEOS_DEPLOYMENT_TARGET = 17.4;
				LOCALIZATION_PREFERS_STRING_CATALOGS = YES;
				MTL_ENABLE_DEBUG_INFO = NO;
				MTL_FAST_MATH = YES;
				SDKROOT = iphoneos;
				SWIFT_COMPILATION_MODE = wholemodule;
				VALIDATE_PRODUCT = YES;
			};
			name = Release;
		};
		77F96B9E2B9CB00E0022ADF4 /* Debug */ = {
			isa = XCBuildConfiguration;
			buildSettings = {
				ASSETCATALOG_COMPILER_APPICON_NAME = AppIcon;
				ASSETCATALOG_COMPILER_GLOBAL_ACCENT_COLOR_NAME = AccentColor;
				CODE_SIGN_STYLE = Automatic;
				CURRENT_PROJECT_VERSION = 1;
				DEVELOPMENT_ASSET_PATHS = "\"Swift-NLP-Algorithms/Preview Content\"";
				DEVELOPMENT_TEAM = HA8PQ78LFS;
				ENABLE_PREVIEWS = YES;
				GENERATE_INFOPLIST_FILE = YES;
				INFOPLIST_KEY_UIApplicationSceneManifest_Generation = YES;
				INFOPLIST_KEY_UIApplicationSupportsIndirectInputEvents = YES;
				INFOPLIST_KEY_UILaunchScreen_Generation = YES;
				INFOPLIST_KEY_UISupportedInterfaceOrientations_iPad = "UIInterfaceOrientationPortrait UIInterfaceOrientationPortraitUpsideDown UIInterfaceOrientationLandscapeLeft UIInterfaceOrientationLandscapeRight";
				INFOPLIST_KEY_UISupportedInterfaceOrientations_iPhone = "UIInterfaceOrientationPortrait UIInterfaceOrientationLandscapeLeft UIInterfaceOrientationLandscapeRight";
				LD_RUNPATH_SEARCH_PATHS = (
					"$(inherited)",
					"@executable_path/Frameworks",
				);
				MARKETING_VERSION = 1.0;
				PRODUCT_BUNDLE_IDENTIFIER = "com.terriblegoodday.Swift-NLP-Algorithms";
				PRODUCT_NAME = "$(TARGET_NAME)";
				SWIFT_EMIT_LOC_STRINGS = YES;
				SWIFT_VERSION = 5.0;
				TARGETED_DEVICE_FAMILY = "1,2";
			};
			name = Debug;
		};
		77F96B9F2B9CB00E0022ADF4 /* Release */ = {
			isa = XCBuildConfiguration;
			buildSettings = {
				ASSETCATALOG_COMPILER_APPICON_NAME = AppIcon;
				ASSETCATALOG_COMPILER_GLOBAL_ACCENT_COLOR_NAME = AccentColor;
				CODE_SIGN_STYLE = Automatic;
				CURRENT_PROJECT_VERSION = 1;
				DEVELOPMENT_ASSET_PATHS = "\"Swift-NLP-Algorithms/Preview Content\"";
				DEVELOPMENT_TEAM = HA8PQ78LFS;
				ENABLE_PREVIEWS = YES;
				GENERATE_INFOPLIST_FILE = YES;
				INFOPLIST_KEY_UIApplicationSceneManifest_Generation = YES;
				INFOPLIST_KEY_UIApplicationSupportsIndirectInputEvents = YES;
				INFOPLIST_KEY_UILaunchScreen_Generation = YES;
				INFOPLIST_KEY_UISupportedInterfaceOrientations_iPad = "UIInterfaceOrientationPortrait UIInterfaceOrientationPortraitUpsideDown UIInterfaceOrientationLandscapeLeft UIInterfaceOrientationLandscapeRight";
				INFOPLIST_KEY_UISupportedInterfaceOrientations_iPhone = "UIInterfaceOrientationPortrait UIInterfaceOrientationLandscapeLeft UIInterfaceOrientationLandscapeRight";
				LD_RUNPATH_SEARCH_PATHS = (
					"$(inherited)",
					"@executable_path/Frameworks",
				);
				MARKETING_VERSION = 1.0;
				PRODUCT_BUNDLE_IDENTIFIER = "com.terriblegoodday.Swift-NLP-Algorithms";
				PRODUCT_NAME = "$(TARGET_NAME)";
				SWIFT_EMIT_LOC_STRINGS = YES;
				SWIFT_VERSION = 5.0;
				TARGETED_DEVICE_FAMILY = "1,2";
			};
			name = Release;
		};
		77F96BA12B9CB00E0022ADF4 /* Debug */ = {
			isa = XCBuildConfiguration;
			buildSettings = {
				ALWAYS_EMBED_SWIFT_STANDARD_LIBRARIES = YES;
				BUNDLE_LOADER = "$(TEST_HOST)";
				CLANG_ENABLE_MODULES = YES;
				CODE_SIGN_STYLE = Automatic;
				CURRENT_PROJECT_VERSION = 1;
				DEVELOPMENT_TEAM = HA8PQ78LFS;
				GENERATE_INFOPLIST_FILE = YES;
				IPHONEOS_DEPLOYMENT_TARGET = 17.4;
				MARKETING_VERSION = 1.0;
				PRODUCT_BUNDLE_IDENTIFIER = "com.terriblegoodday.Swift-NLP-AlgorithmsTests";
				PRODUCT_NAME = "$(TARGET_NAME)";
				SWIFT_EMIT_LOC_STRINGS = NO;
				SWIFT_OPTIMIZATION_LEVEL = "-Onone";
				SWIFT_VERSION = 5.0;
				TARGETED_DEVICE_FAMILY = "1,2";
				TEST_HOST = "$(BUILT_PRODUCTS_DIR)/Swift-NLP-Algorithms.app/$(BUNDLE_EXECUTABLE_FOLDER_PATH)/Swift-NLP-Algorithms";
			};
			name = Debug;
		};
		77F96BA22B9CB00E0022ADF4 /* Release */ = {
			isa = XCBuildConfiguration;
			buildSettings = {
				ALWAYS_EMBED_SWIFT_STANDARD_LIBRARIES = YES;
				BUNDLE_LOADER = "$(TEST_HOST)";
				CLANG_ENABLE_MODULES = YES;
				CODE_SIGN_STYLE = Automatic;
				CURRENT_PROJECT_VERSION = 1;
				DEVELOPMENT_TEAM = HA8PQ78LFS;
				GENERATE_INFOPLIST_FILE = YES;
				IPHONEOS_DEPLOYMENT_TARGET = 17.4;
				MARKETING_VERSION = 1.0;
				PRODUCT_BUNDLE_IDENTIFIER = "com.terriblegoodday.Swift-NLP-AlgorithmsTests";
				PRODUCT_NAME = "$(TARGET_NAME)";
				SWIFT_EMIT_LOC_STRINGS = NO;
				SWIFT_VERSION = 5.0;
				TARGETED_DEVICE_FAMILY = "1,2";
				TEST_HOST = "$(BUILT_PRODUCTS_DIR)/Swift-NLP-Algorithms.app/$(BUNDLE_EXECUTABLE_FOLDER_PATH)/Swift-NLP-Algorithms";
			};
			name = Release;
		};
		77F96BA42B9CB00E0022ADF4 /* Debug */ = {
			isa = XCBuildConfiguration;
			buildSettings = {
				ALWAYS_EMBED_SWIFT_STANDARD_LIBRARIES = YES;
				CODE_SIGN_STYLE = Automatic;
				CURRENT_PROJECT_VERSION = 1;
				DEVELOPMENT_TEAM = HA8PQ78LFS;
				GENERATE_INFOPLIST_FILE = YES;
				MARKETING_VERSION = 1.0;
				PRODUCT_BUNDLE_IDENTIFIER = "com.terriblegoodday.Swift-NLP-AlgorithmsUITests";
				PRODUCT_NAME = "$(TARGET_NAME)";
				SWIFT_EMIT_LOC_STRINGS = NO;
				SWIFT_VERSION = 5.0;
				TARGETED_DEVICE_FAMILY = "1,2";
				TEST_TARGET_NAME = "Swift-NLP-Algorithms";
			};
			name = Debug;
		};
		77F96BA52B9CB00E0022ADF4 /* Release */ = {
			isa = XCBuildConfiguration;
			buildSettings = {
				ALWAYS_EMBED_SWIFT_STANDARD_LIBRARIES = YES;
				CODE_SIGN_STYLE = Automatic;
				CURRENT_PROJECT_VERSION = 1;
				DEVELOPMENT_TEAM = HA8PQ78LFS;
				GENERATE_INFOPLIST_FILE = YES;
				MARKETING_VERSION = 1.0;
				PRODUCT_BUNDLE_IDENTIFIER = "com.terriblegoodday.Swift-NLP-AlgorithmsUITests";
				PRODUCT_NAME = "$(TARGET_NAME)";
				SWIFT_EMIT_LOC_STRINGS = NO;
				SWIFT_VERSION = 5.0;
				TARGETED_DEVICE_FAMILY = "1,2";
				TEST_TARGET_NAME = "Swift-NLP-Algorithms";
			};
			name = Release;
		};
/* End XCBuildConfiguration section */

/* Begin XCConfigurationList section */
		77F96B742B9CB00B0022ADF4 /* Build configuration list for PBXProject "Swift-NLP-Algorithms" */ = {
			isa = XCConfigurationList;
			buildConfigurations = (
				77F96B9B2B9CB00E0022ADF4 /* Debug */,
				77F96B9C2B9CB00E0022ADF4 /* Release */,
			);
			defaultConfigurationIsVisible = 0;
			defaultConfigurationName = Release;
		};
		77F96B9D2B9CB00E0022ADF4 /* Build configuration list for PBXNativeTarget "Swift-NLP-Algorithms" */ = {
			isa = XCConfigurationList;
			buildConfigurations = (
				77F96B9E2B9CB00E0022ADF4 /* Debug */,
				77F96B9F2B9CB00E0022ADF4 /* Release */,
			);
			defaultConfigurationIsVisible = 0;
			defaultConfigurationName = Release;
		};
		77F96BA02B9CB00E0022ADF4 /* Build configuration list for PBXNativeTarget "Swift-NLP-AlgorithmsTests" */ = {
			isa = XCConfigurationList;
			buildConfigurations = (
				77F96BA12B9CB00E0022ADF4 /* Debug */,
				77F96BA22B9CB00E0022ADF4 /* Release */,
			);
			defaultConfigurationIsVisible = 0;
			defaultConfigurationName = Release;
		};
		77F96BA32B9CB00E0022ADF4 /* Build configuration list for PBXNativeTarget "Swift-NLP-AlgorithmsUITests" */ = {
			isa = XCConfigurationList;
			buildConfigurations = (
				77F96BA42B9CB00E0022ADF4 /* Debug */,
				77F96BA52B9CB00E0022ADF4 /* Release */,
			);
			defaultConfigurationIsVisible = 0;
			defaultConfigurationName = Release;
		};
/* End XCConfigurationList section */
	};
	rootObject = 77F96B712B9CB00B0022ADF4 /* Project object */;
}
